
Microsoft Visual Studio Solution File, Format Version 12.00
# Visual Studio Version 17
VisualStudioVersion = 17.10.34928.147
MinimumVisualStudioVersion = 10.0.40219.1
Project("{FAE04EC0-301F-11D3-BF4B-00C04F79EFBC}") = "SalesforceAuthExample", "SalesforceAuthExample\SalesforceAuthExample.csproj", "{F4F69C35-38F7-44DB-BA21-B38F37EBA702}"
EndProject
Global
	GlobalSection(SolutionConfigurationPlatforms) = preSolution
		Debug|Any CPU = Debug|Any CPU
		Release|Any CPU = Release|Any CPU
	EndGlobalSection
	GlobalSection(ProjectConfigurationPlatforms) = postSolution
		{F4F69C35-38F7-44DB-BA21-B38F37EBA702}.Debug|Any CPU.ActiveCfg = Debug|Any CPU
		{F4F69C35-38F7-44DB-BA21-B38F37EBA702}.Debug|Any CPU.Build.0 = Debug|Any CPU
		{F4F69C35-38F7-44DB-BA21-B38F37EBA702}.Release|Any CPU.ActiveCfg = Release|Any CPU
		{F4F69C35-38F7-44DB-BA21-B38F37EBA702}.Release|Any CPU.Build.0 = Release|Any CPU
	EndGlobalSection
	GlobalSection(SolutionProperties) = preSolution
		HideSolutionNode = FALSE
	EndGlobalSection
	GlobalSection(ExtensibilityGlobals) = postSolution
		SolutionGuid = {A72D52AE-C0F1-4402-AD3F-C0FB330E5862}
	EndGlobalSection
EndGlobal
